
Microsoft Visual Studio Solution File, Format Version 12.00
# Visual Studio Version 17
VisualStudioVersion = 17.8.34525.116
MinimumVisualStudioVersion = 10.0.40219.1
Project("{9A19103F-16F7-4668-BE54-9A1E7A4F7556}") = "MagmaWorks.Taxonomy.IProfiles", "Profiles\IProfiles\MagmaWorks.Taxonomy.IProfiles.csproj", "{995BF6DC-3E3E-4165-8EF2-83360537FF1F}"
EndProject
Project("{9A19103F-16F7-4668-BE54-9A1E7A4F7556}") = "MagmaWorks.Taxonomy.Profiles", "Profiles\Profiles\MagmaWorks.Taxonomy.Profiles.csproj", "{53294695-E114-4DA9-9F1A-F8E2C289DB60}"
EndProject
Project("{9A19103F-16F7-4668-BE54-9A1E7A4F7556}") = "MagmaWorks.Taxonomy.Serialization.Profiles", "Profiles\Serialization\MagmaWorks.Taxonomy.Serialization.Profiles.csproj", "{1E0D2D34-40B9-48C4-9A43-D8C078B2BCE4}"
EndProject
Project("{9A19103F-16F7-4668-BE54-9A1E7A4F7556}") = "ProfileTests", "Profiles\ProfileTests\ProfileTests.csproj", "{86D261B4-B15C-4F44-B655-CE127B7CC3C0}"
EndProject
Project("{2150E333-8FDC-42A3-9474-1A3956D46DE8}") = "Profiles", "Profiles", "{E72A2D9E-E13F-4107-84B3-AC9509A7CD4F}"
EndProject
Project("{2150E333-8FDC-42A3-9474-1A3956D46DE8}") = "Stages", "Stages", "{708B3E31-DA6C-4788-A289-69299F3D932C}"
EndProject
Project("{9A19103F-16F7-4668-BE54-9A1E7A4F7556}") = "MagmaWorks.Taxonomy.IStages", "Stages\IStages\MagmaWorks.Taxonomy.IStages.csproj", "{F7F2DC01-6E8E-4F1A-976C-E71BF7E41593}"
EndProject
Project("{9A19103F-16F7-4668-BE54-9A1E7A4F7556}") = "MagmaWorks.Taxonomy.Stages", "Stages\Stages\MagmaWorks.Taxonomy.Stages.csproj", "{AA25F792-D859-4F3E-A6A0-2A3CF8FCEB05}"
EndProject
Project("{2150E333-8FDC-42A3-9474-1A3956D46DE8}") = "Countries", "Countries", "{04BC1F3C-2D3D-4C8B-9273-4E535E6D23D4}"
EndProject
Project("{9A19103F-16F7-4668-BE54-9A1E7A4F7556}") = "MagmaWorks.Taxonomy.Countries", "Countries\Countries\MagmaWorks.Taxonomy.Countries.csproj", "{6888AD2B-8B21-4521-899C-DE8770C7EFBB}"
EndProject
Project("{9A19103F-16F7-4668-BE54-9A1E7A4F7556}") = "CountryTests", "Countries\CountryTests\CountryTests.csproj", "{8A80AC3E-0929-4BF9-A7EF-E2FD0DA72A86}"
EndProject
Project("{9A19103F-16F7-4668-BE54-9A1E7A4F7556}") = "MagmaWorks.Taxonomy.Serialization.Countries", "Countries\Serialization\MagmaWorks.Taxonomy.Serialization.Countries.csproj", "{823DFE84-E1D9-47ED-BC30-B0279620B7E3}"
EndProject
Project("{9A19103F-16F7-4668-BE54-9A1E7A4F7556}") = "MagmaWorks.Taxonomy.Serialization.Stages", "Stages\Serialization\MagmaWorks.Taxonomy.Serialization.Stages.csproj", "{5B6CD5DB-5CCE-422C-B0C9-604E68088E26}"
EndProject
Project("{9A19103F-16F7-4668-BE54-9A1E7A4F7556}") = "StageTests", "Stages\StageTests\StageTests.csproj", "{C34E02ED-A859-4C3E-AE58-65CE9E7A74F3}"
EndProject
Project("{9A19103F-16F7-4668-BE54-9A1E7A4F7556}") = "CountryGenerator", "Countries\CountryGenerator\CountryGenerator.csproj", "{9AC636D1-1C22-4F39-8605-5BEC53807F25}"
EndProject
Project("{9A19103F-16F7-4668-BE54-9A1E7A4F7556}") = "MagmaWorks.Taxonomy.Profiles.Catalogue", "Profiles\CatalogueProfiles\MagmaWorks.Taxonomy.Profiles.Catalogue.csproj", "{6BB13F84-762F-4B87-9639-60F776F02FE5}"
EndProject
Project("{9A19103F-16F7-4668-BE54-9A1E7A4F7556}") = "CatalogueGenerator", "Profiles\CatalogueGenerator\CatalogueGenerator.csproj", "{F308F504-E1AD-42CA-ACA4-9BDEC3FF3106}"
EndProject
Project("{9A19103F-16F7-4668-BE54-9A1E7A4F7556}") = "MagmaWorks.Taxonomy.Profiles.Perimeter", "Profiles\Perimeter\MagmaWorks.Taxonomy.Profiles.Perimeter.csproj", "{B110BF28-203D-4946-9FD2-726BC82AE5B8}"
EndProject
Project("{2150E333-8FDC-42A3-9474-1A3956D46DE8}") = "Standards", "Standards", "{865990BE-4B50-49AC-8BEE-254E799070BC}"
EndProject
Project("{9A19103F-16F7-4668-BE54-9A1E7A4F7556}") = "MagmaWorks.Taxonomy.IStandards", "Standards\IStandards\MagmaWorks.Taxonomy.IStandards.csproj", "{056BC6B7-8798-4B9E-8C03-789CBD1CE41E}"
EndProject
Project("{9A19103F-16F7-4668-BE54-9A1E7A4F7556}") = "MagmaWorks.Taxonomy.Standards", "Standards\Standards\MagmaWorks.Taxonomy.Standards.csproj", "{01929CD7-F264-4587-BF40-DAD2B7FED09F}"
EndProject
Project("{9A19103F-16F7-4668-BE54-9A1E7A4F7556}") = "StandardTests", "Standards\StandardTests\StandardTests.csproj", "{36737F9F-F975-454C-BA8F-3854514C324A}"
EndProject
Project("{9A19103F-16F7-4668-BE54-9A1E7A4F7556}") = "MagmaWorks.Taxonomy.IMaterials", "Materials\IMaterials\MagmaWorks.Taxonomy.IMaterials.csproj", "{071A8705-5343-4685-A3CE-42B770505EE0}"
EndProject
Project("{2150E333-8FDC-42A3-9474-1A3956D46DE8}") = "Materials", "Materials", "{6F8C841C-0951-4088-9A87-AE1B669D5CE8}"
EndProject
Project("{9A19103F-16F7-4668-BE54-9A1E7A4F7556}") = "MagmaWorks.Taxonomy.Materials", "Materials\Materials\MagmaWorks.Taxonomy.Materials.csproj", "{6CF07C18-9C5F-4440-AB38-7B128BE8041D}"
EndProject
Project("{9A19103F-16F7-4668-BE54-9A1E7A4F7556}") = "MaterialTests", "Materials\MaterialTests\MaterialTests.csproj", "{AB60261A-3E89-4B5C-B8A4-B255CD364090}"
EndProject
Project("{2150E333-8FDC-42A3-9474-1A3956D46DE8}") = "Sections", "Sections", "{69DBCCB8-FF7F-42B8-952C-8D4F09B0C4C4}"
EndProject
Project("{9A19103F-16F7-4668-BE54-9A1E7A4F7556}") = "MagmaWorks.Taxonomy.ISections", "Sections\ISections\MagmaWorks.Taxonomy.ISections.csproj", "{71CF9742-4D08-450F-B88D-EDF992D05381}"
EndProject
Project("{9A19103F-16F7-4668-BE54-9A1E7A4F7556}") = "MagmaWorks.Taxonomy.Sections", "Sections\Sections\MagmaWorks.Taxonomy.Sections.csproj", "{31167C8D-47E7-4C6B-848A-C6369BF89E76}"
EndProject
Project("{9A19103F-16F7-4668-BE54-9A1E7A4F7556}") = "SectionTests", "Sections\SectionTests\SectionTests.csproj", "{1091E92F-A6F3-4B4F-939D-F2377B5D243D}"
EndProject
Project("{2150E333-8FDC-42A3-9474-1A3956D46DE8}") = "Loads", "Loads", "{41A2BC38-4EBB-4B17-A305-46BEEB81FE1C}"
EndProject
Project("{9A19103F-16F7-4668-BE54-9A1E7A4F7556}") = "MagmaWorks.Taxonomy.ILoads", "Loads\ILoads\MagmaWorks.Taxonomy.ILoads.csproj", "{7E1966E6-7497-40C0-8938-00196F4B75C7}"
EndProject
Project("{9A19103F-16F7-4668-BE54-9A1E7A4F7556}") = "MagmaWorks.Taxonomy.Loads", "Loads\Loads\MagmaWorks.Taxonomy.Loads.csproj", "{2BE8AF39-9677-44E1-AE6C-CE9A14DF5B5B}"
EndProject
Project("{9A19103F-16F7-4668-BE54-9A1E7A4F7556}") = "MagmaWorks.Taxonomy.Serialization.Loads", "Loads\Serialization\MagmaWorks.Taxonomy.Serialization.Loads.csproj", "{0DB384BD-6270-4A1D-95D4-ED3972AE63B0}"
EndProject
Project("{9A19103F-16F7-4668-BE54-9A1E7A4F7556}") = "LoadTests", "Loads\LoadTests\LoadTests.csproj", "{D9EF311B-6C73-4EA3-9F87-63D660C24CEE}"
EndProject
Project("{9A19103F-16F7-4668-BE54-9A1E7A4F7556}") = "MagmaWorks.Taxonomy.ICases", "Loads\ICases\MagmaWorks.Taxonomy.ICases.csproj", "{6B92B8E9-FD08-449B-8EBB-F63E2ADE7043}"
EndProject
Project("{9A19103F-16F7-4668-BE54-9A1E7A4F7556}") = "MagmaWorks.Taxonomy.Cases", "Loads\Cases\MagmaWorks.Taxonomy.Cases.csproj", "{8ED7E8B2-BD1C-419F-9FEB-23F51788085E}"
EndProject
Project("{9A19103F-16F7-4668-BE54-9A1E7A4F7556}") = "MagmaWorks.Taxonomy.Serialization.Standards", "Standards\Serialization\MagmaWorks.Taxonomy.Serialization.Standards.csproj", "{A76C4493-75AB-4F55-8DC4-4D806F7B86FD}"
EndProject
Project("{9A19103F-16F7-4668-BE54-9A1E7A4F7556}") = "MagmaWorks.Taxonomy.Serialization.Materials", "Materials\Serialization\MagmaWorks.Taxonomy.Serialization.Materials.csproj", "{FC999BF3-6232-4564-8035-9F8753AAF387}"
EndProject
Project("{9A19103F-16F7-4668-BE54-9A1E7A4F7556}") = "MagmaWorks.Taxonomy.Serialization.Sections", "Sections\Serialization\MagmaWorks.Taxonomy.Serialization.Sections.csproj", "{0374F525-1D2C-49F5-818F-187A04D8A779}"
EndProject
Global
	GlobalSection(SolutionConfigurationPlatforms) = preSolution
		Debug|Any CPU = Debug|Any CPU
		Release|Any CPU = Release|Any CPU
	EndGlobalSection
	GlobalSection(ProjectConfigurationPlatforms) = postSolution
		{995BF6DC-3E3E-4165-8EF2-83360537FF1F}.Debug|Any CPU.ActiveCfg = Debug|Any CPU
		{995BF6DC-3E3E-4165-8EF2-83360537FF1F}.Debug|Any CPU.Build.0 = Debug|Any CPU
		{995BF6DC-3E3E-4165-8EF2-83360537FF1F}.Release|Any CPU.ActiveCfg = Release|Any CPU
		{995BF6DC-3E3E-4165-8EF2-83360537FF1F}.Release|Any CPU.Build.0 = Release|Any CPU
		{53294695-E114-4DA9-9F1A-F8E2C289DB60}.Debug|Any CPU.ActiveCfg = Debug|Any CPU
		{53294695-E114-4DA9-9F1A-F8E2C289DB60}.Debug|Any CPU.Build.0 = Debug|Any CPU
		{53294695-E114-4DA9-9F1A-F8E2C289DB60}.Release|Any CPU.ActiveCfg = Release|Any CPU
		{53294695-E114-4DA9-9F1A-F8E2C289DB60}.Release|Any CPU.Build.0 = Release|Any CPU
		{1E0D2D34-40B9-48C4-9A43-D8C078B2BCE4}.Debug|Any CPU.ActiveCfg = Debug|Any CPU
		{1E0D2D34-40B9-48C4-9A43-D8C078B2BCE4}.Debug|Any CPU.Build.0 = Debug|Any CPU
		{1E0D2D34-40B9-48C4-9A43-D8C078B2BCE4}.Release|Any CPU.ActiveCfg = Release|Any CPU
		{1E0D2D34-40B9-48C4-9A43-D8C078B2BCE4}.Release|Any CPU.Build.0 = Release|Any CPU
		{86D261B4-B15C-4F44-B655-CE127B7CC3C0}.Debug|Any CPU.ActiveCfg = Debug|Any CPU
		{86D261B4-B15C-4F44-B655-CE127B7CC3C0}.Debug|Any CPU.Build.0 = Debug|Any CPU
		{86D261B4-B15C-4F44-B655-CE127B7CC3C0}.Release|Any CPU.ActiveCfg = Release|Any CPU
		{86D261B4-B15C-4F44-B655-CE127B7CC3C0}.Release|Any CPU.Build.0 = Release|Any CPU
		{F7F2DC01-6E8E-4F1A-976C-E71BF7E41593}.Debug|Any CPU.ActiveCfg = Debug|Any CPU
		{F7F2DC01-6E8E-4F1A-976C-E71BF7E41593}.Debug|Any CPU.Build.0 = Debug|Any CPU
		{F7F2DC01-6E8E-4F1A-976C-E71BF7E41593}.Release|Any CPU.ActiveCfg = Release|Any CPU
		{F7F2DC01-6E8E-4F1A-976C-E71BF7E41593}.Release|Any CPU.Build.0 = Release|Any CPU
		{AA25F792-D859-4F3E-A6A0-2A3CF8FCEB05}.Debug|Any CPU.ActiveCfg = Debug|Any CPU
		{AA25F792-D859-4F3E-A6A0-2A3CF8FCEB05}.Debug|Any CPU.Build.0 = Debug|Any CPU
		{AA25F792-D859-4F3E-A6A0-2A3CF8FCEB05}.Release|Any CPU.ActiveCfg = Release|Any CPU
		{AA25F792-D859-4F3E-A6A0-2A3CF8FCEB05}.Release|Any CPU.Build.0 = Release|Any CPU
		{6888AD2B-8B21-4521-899C-DE8770C7EFBB}.Debug|Any CPU.ActiveCfg = Debug|Any CPU
		{6888AD2B-8B21-4521-899C-DE8770C7EFBB}.Debug|Any CPU.Build.0 = Debug|Any CPU
		{6888AD2B-8B21-4521-899C-DE8770C7EFBB}.Release|Any CPU.ActiveCfg = Release|Any CPU
		{6888AD2B-8B21-4521-899C-DE8770C7EFBB}.Release|Any CPU.Build.0 = Release|Any CPU
		{8A80AC3E-0929-4BF9-A7EF-E2FD0DA72A86}.Debug|Any CPU.ActiveCfg = Debug|Any CPU
		{8A80AC3E-0929-4BF9-A7EF-E2FD0DA72A86}.Debug|Any CPU.Build.0 = Debug|Any CPU
		{8A80AC3E-0929-4BF9-A7EF-E2FD0DA72A86}.Release|Any CPU.ActiveCfg = Release|Any CPU
		{8A80AC3E-0929-4BF9-A7EF-E2FD0DA72A86}.Release|Any CPU.Build.0 = Release|Any CPU
		{823DFE84-E1D9-47ED-BC30-B0279620B7E3}.Debug|Any CPU.ActiveCfg = Debug|Any CPU
		{823DFE84-E1D9-47ED-BC30-B0279620B7E3}.Debug|Any CPU.Build.0 = Debug|Any CPU
		{823DFE84-E1D9-47ED-BC30-B0279620B7E3}.Release|Any CPU.ActiveCfg = Release|Any CPU
		{823DFE84-E1D9-47ED-BC30-B0279620B7E3}.Release|Any CPU.Build.0 = Release|Any CPU
		{5B6CD5DB-5CCE-422C-B0C9-604E68088E26}.Debug|Any CPU.ActiveCfg = Debug|Any CPU
		{5B6CD5DB-5CCE-422C-B0C9-604E68088E26}.Debug|Any CPU.Build.0 = Debug|Any CPU
		{5B6CD5DB-5CCE-422C-B0C9-604E68088E26}.Release|Any CPU.ActiveCfg = Release|Any CPU
		{5B6CD5DB-5CCE-422C-B0C9-604E68088E26}.Release|Any CPU.Build.0 = Release|Any CPU
		{C34E02ED-A859-4C3E-AE58-65CE9E7A74F3}.Debug|Any CPU.ActiveCfg = Debug|Any CPU
		{C34E02ED-A859-4C3E-AE58-65CE9E7A74F3}.Debug|Any CPU.Build.0 = Debug|Any CPU
		{C34E02ED-A859-4C3E-AE58-65CE9E7A74F3}.Release|Any CPU.ActiveCfg = Release|Any CPU
		{C34E02ED-A859-4C3E-AE58-65CE9E7A74F3}.Release|Any CPU.Build.0 = Release|Any CPU
		{9AC636D1-1C22-4F39-8605-5BEC53807F25}.Debug|Any CPU.ActiveCfg = Debug|Any CPU
		{9AC636D1-1C22-4F39-8605-5BEC53807F25}.Debug|Any CPU.Build.0 = Debug|Any CPU
		{9AC636D1-1C22-4F39-8605-5BEC53807F25}.Release|Any CPU.ActiveCfg = Release|Any CPU
		{9AC636D1-1C22-4F39-8605-5BEC53807F25}.Release|Any CPU.Build.0 = Release|Any CPU
		{6BB13F84-762F-4B87-9639-60F776F02FE5}.Debug|Any CPU.ActiveCfg = Debug|Any CPU
		{6BB13F84-762F-4B87-9639-60F776F02FE5}.Debug|Any CPU.Build.0 = Debug|Any CPU
		{6BB13F84-762F-4B87-9639-60F776F02FE5}.Release|Any CPU.ActiveCfg = Release|Any CPU
		{6BB13F84-762F-4B87-9639-60F776F02FE5}.Release|Any CPU.Build.0 = Release|Any CPU
		{F308F504-E1AD-42CA-ACA4-9BDEC3FF3106}.Debug|Any CPU.ActiveCfg = Debug|Any CPU
		{F308F504-E1AD-42CA-ACA4-9BDEC3FF3106}.Debug|Any CPU.Build.0 = Debug|Any CPU
		{F308F504-E1AD-42CA-ACA4-9BDEC3FF3106}.Release|Any CPU.ActiveCfg = Release|Any CPU
		{F308F504-E1AD-42CA-ACA4-9BDEC3FF3106}.Release|Any CPU.Build.0 = Release|Any CPU
		{B110BF28-203D-4946-9FD2-726BC82AE5B8}.Debug|Any CPU.ActiveCfg = Debug|Any CPU
		{B110BF28-203D-4946-9FD2-726BC82AE5B8}.Debug|Any CPU.Build.0 = Debug|Any CPU
		{B110BF28-203D-4946-9FD2-726BC82AE5B8}.Release|Any CPU.ActiveCfg = Release|Any CPU
		{B110BF28-203D-4946-9FD2-726BC82AE5B8}.Release|Any CPU.Build.0 = Release|Any CPU
		{056BC6B7-8798-4B9E-8C03-789CBD1CE41E}.Debug|Any CPU.ActiveCfg = Debug|Any CPU
		{056BC6B7-8798-4B9E-8C03-789CBD1CE41E}.Debug|Any CPU.Build.0 = Debug|Any CPU
		{056BC6B7-8798-4B9E-8C03-789CBD1CE41E}.Release|Any CPU.ActiveCfg = Release|Any CPU
		{056BC6B7-8798-4B9E-8C03-789CBD1CE41E}.Release|Any CPU.Build.0 = Release|Any CPU
		{01929CD7-F264-4587-BF40-DAD2B7FED09F}.Debug|Any CPU.ActiveCfg = Debug|Any CPU
		{01929CD7-F264-4587-BF40-DAD2B7FED09F}.Debug|Any CPU.Build.0 = Debug|Any CPU
		{01929CD7-F264-4587-BF40-DAD2B7FED09F}.Release|Any CPU.ActiveCfg = Release|Any CPU
		{01929CD7-F264-4587-BF40-DAD2B7FED09F}.Release|Any CPU.Build.0 = Release|Any CPU
		{36737F9F-F975-454C-BA8F-3854514C324A}.Debug|Any CPU.ActiveCfg = Debug|Any CPU
		{36737F9F-F975-454C-BA8F-3854514C324A}.Debug|Any CPU.Build.0 = Debug|Any CPU
		{36737F9F-F975-454C-BA8F-3854514C324A}.Release|Any CPU.ActiveCfg = Release|Any CPU
		{36737F9F-F975-454C-BA8F-3854514C324A}.Release|Any CPU.Build.0 = Release|Any CPU
		{071A8705-5343-4685-A3CE-42B770505EE0}.Debug|Any CPU.ActiveCfg = Debug|Any CPU
		{071A8705-5343-4685-A3CE-42B770505EE0}.Debug|Any CPU.Build.0 = Debug|Any CPU
		{071A8705-5343-4685-A3CE-42B770505EE0}.Release|Any CPU.ActiveCfg = Release|Any CPU
		{071A8705-5343-4685-A3CE-42B770505EE0}.Release|Any CPU.Build.0 = Release|Any CPU
		{6CF07C18-9C5F-4440-AB38-7B128BE8041D}.Debug|Any CPU.ActiveCfg = Debug|Any CPU
		{6CF07C18-9C5F-4440-AB38-7B128BE8041D}.Debug|Any CPU.Build.0 = Debug|Any CPU
		{6CF07C18-9C5F-4440-AB38-7B128BE8041D}.Release|Any CPU.ActiveCfg = Release|Any CPU
		{6CF07C18-9C5F-4440-AB38-7B128BE8041D}.Release|Any CPU.Build.0 = Release|Any CPU
		{AB60261A-3E89-4B5C-B8A4-B255CD364090}.Debug|Any CPU.ActiveCfg = Debug|Any CPU
		{AB60261A-3E89-4B5C-B8A4-B255CD364090}.Debug|Any CPU.Build.0 = Debug|Any CPU
		{AB60261A-3E89-4B5C-B8A4-B255CD364090}.Release|Any CPU.ActiveCfg = Release|Any CPU
		{AB60261A-3E89-4B5C-B8A4-B255CD364090}.Release|Any CPU.Build.0 = Release|Any CPU
		{71CF9742-4D08-450F-B88D-EDF992D05381}.Debug|Any CPU.ActiveCfg = Debug|Any CPU
		{71CF9742-4D08-450F-B88D-EDF992D05381}.Debug|Any CPU.Build.0 = Debug|Any CPU
		{71CF9742-4D08-450F-B88D-EDF992D05381}.Release|Any CPU.ActiveCfg = Release|Any CPU
		{71CF9742-4D08-450F-B88D-EDF992D05381}.Release|Any CPU.Build.0 = Release|Any CPU
		{31167C8D-47E7-4C6B-848A-C6369BF89E76}.Debug|Any CPU.ActiveCfg = Debug|Any CPU
		{31167C8D-47E7-4C6B-848A-C6369BF89E76}.Debug|Any CPU.Build.0 = Debug|Any CPU
		{31167C8D-47E7-4C6B-848A-C6369BF89E76}.Release|Any CPU.ActiveCfg = Release|Any CPU
		{31167C8D-47E7-4C6B-848A-C6369BF89E76}.Release|Any CPU.Build.0 = Release|Any CPU
		{1091E92F-A6F3-4B4F-939D-F2377B5D243D}.Debug|Any CPU.ActiveCfg = Debug|Any CPU
		{1091E92F-A6F3-4B4F-939D-F2377B5D243D}.Debug|Any CPU.Build.0 = Debug|Any CPU
		{1091E92F-A6F3-4B4F-939D-F2377B5D243D}.Release|Any CPU.ActiveCfg = Release|Any CPU
		{1091E92F-A6F3-4B4F-939D-F2377B5D243D}.Release|Any CPU.Build.0 = Release|Any CPU
		{7E1966E6-7497-40C0-8938-00196F4B75C7}.Debug|Any CPU.ActiveCfg = Debug|Any CPU
		{7E1966E6-7497-40C0-8938-00196F4B75C7}.Debug|Any CPU.Build.0 = Debug|Any CPU
		{7E1966E6-7497-40C0-8938-00196F4B75C7}.Release|Any CPU.ActiveCfg = Release|Any CPU
		{7E1966E6-7497-40C0-8938-00196F4B75C7}.Release|Any CPU.Build.0 = Release|Any CPU
		{2BE8AF39-9677-44E1-AE6C-CE9A14DF5B5B}.Debug|Any CPU.ActiveCfg = Debug|Any CPU
		{2BE8AF39-9677-44E1-AE6C-CE9A14DF5B5B}.Debug|Any CPU.Build.0 = Debug|Any CPU
		{2BE8AF39-9677-44E1-AE6C-CE9A14DF5B5B}.Release|Any CPU.ActiveCfg = Release|Any CPU
		{2BE8AF39-9677-44E1-AE6C-CE9A14DF5B5B}.Release|Any CPU.Build.0 = Release|Any CPU
		{0DB384BD-6270-4A1D-95D4-ED3972AE63B0}.Debug|Any CPU.ActiveCfg = Debug|Any CPU
		{0DB384BD-6270-4A1D-95D4-ED3972AE63B0}.Debug|Any CPU.Build.0 = Debug|Any CPU
		{0DB384BD-6270-4A1D-95D4-ED3972AE63B0}.Release|Any CPU.ActiveCfg = Release|Any CPU
		{0DB384BD-6270-4A1D-95D4-ED3972AE63B0}.Release|Any CPU.Build.0 = Release|Any CPU
		{D9EF311B-6C73-4EA3-9F87-63D660C24CEE}.Debug|Any CPU.ActiveCfg = Debug|Any CPU
		{D9EF311B-6C73-4EA3-9F87-63D660C24CEE}.Debug|Any CPU.Build.0 = Debug|Any CPU
		{D9EF311B-6C73-4EA3-9F87-63D660C24CEE}.Release|Any CPU.ActiveCfg = Release|Any CPU
		{D9EF311B-6C73-4EA3-9F87-63D660C24CEE}.Release|Any CPU.Build.0 = Release|Any CPU
		{6B92B8E9-FD08-449B-8EBB-F63E2ADE7043}.Debug|Any CPU.ActiveCfg = Debug|Any CPU
		{6B92B8E9-FD08-449B-8EBB-F63E2ADE7043}.Debug|Any CPU.Build.0 = Debug|Any CPU
		{6B92B8E9-FD08-449B-8EBB-F63E2ADE7043}.Release|Any CPU.ActiveCfg = Release|Any CPU
		{6B92B8E9-FD08-449B-8EBB-F63E2ADE7043}.Release|Any CPU.Build.0 = Release|Any CPU
		{8ED7E8B2-BD1C-419F-9FEB-23F51788085E}.Debug|Any CPU.ActiveCfg = Debug|Any CPU
		{8ED7E8B2-BD1C-419F-9FEB-23F51788085E}.Debug|Any CPU.Build.0 = Debug|Any CPU
		{8ED7E8B2-BD1C-419F-9FEB-23F51788085E}.Release|Any CPU.ActiveCfg = Release|Any CPU
		{8ED7E8B2-BD1C-419F-9FEB-23F51788085E}.Release|Any CPU.Build.0 = Release|Any CPU
		{A76C4493-75AB-4F55-8DC4-4D806F7B86FD}.Debug|Any CPU.ActiveCfg = Debug|Any CPU
		{A76C4493-75AB-4F55-8DC4-4D806F7B86FD}.Debug|Any CPU.Build.0 = Debug|Any CPU
		{A76C4493-75AB-4F55-8DC4-4D806F7B86FD}.Release|Any CPU.ActiveCfg = Release|Any CPU
		{A76C4493-75AB-4F55-8DC4-4D806F7B86FD}.Release|Any CPU.Build.0 = Release|Any CPU
		{FC999BF3-6232-4564-8035-9F8753AAF387}.Debug|Any CPU.ActiveCfg = Debug|Any CPU
		{FC999BF3-6232-4564-8035-9F8753AAF387}.Debug|Any CPU.Build.0 = Debug|Any CPU
		{FC999BF3-6232-4564-8035-9F8753AAF387}.Release|Any CPU.ActiveCfg = Release|Any CPU
		{FC999BF3-6232-4564-8035-9F8753AAF387}.Release|Any CPU.Build.0 = Release|Any CPU
		{0374F525-1D2C-49F5-818F-187A04D8A779}.Debug|Any CPU.ActiveCfg = Debug|Any CPU
		{0374F525-1D2C-49F5-818F-187A04D8A779}.Debug|Any CPU.Build.0 = Debug|Any CPU
		{0374F525-1D2C-49F5-818F-187A04D8A779}.Release|Any CPU.ActiveCfg = Release|Any CPU
		{0374F525-1D2C-49F5-818F-187A04D8A779}.Release|Any CPU.Build.0 = Release|Any CPU
	EndGlobalSection
	GlobalSection(SolutionProperties) = preSolution
		HideSolutionNode = FALSE
	EndGlobalSection
	GlobalSection(NestedProjects) = preSolution
		{995BF6DC-3E3E-4165-8EF2-83360537FF1F} = {E72A2D9E-E13F-4107-84B3-AC9509A7CD4F}
		{53294695-E114-4DA9-9F1A-F8E2C289DB60} = {E72A2D9E-E13F-4107-84B3-AC9509A7CD4F}
		{1E0D2D34-40B9-48C4-9A43-D8C078B2BCE4} = {E72A2D9E-E13F-4107-84B3-AC9509A7CD4F}
		{86D261B4-B15C-4F44-B655-CE127B7CC3C0} = {E72A2D9E-E13F-4107-84B3-AC9509A7CD4F}
		{F7F2DC01-6E8E-4F1A-976C-E71BF7E41593} = {708B3E31-DA6C-4788-A289-69299F3D932C}
		{AA25F792-D859-4F3E-A6A0-2A3CF8FCEB05} = {708B3E31-DA6C-4788-A289-69299F3D932C}
		{6888AD2B-8B21-4521-899C-DE8770C7EFBB} = {04BC1F3C-2D3D-4C8B-9273-4E535E6D23D4}
		{8A80AC3E-0929-4BF9-A7EF-E2FD0DA72A86} = {04BC1F3C-2D3D-4C8B-9273-4E535E6D23D4}
		{823DFE84-E1D9-47ED-BC30-B0279620B7E3} = {04BC1F3C-2D3D-4C8B-9273-4E535E6D23D4}
		{5B6CD5DB-5CCE-422C-B0C9-604E68088E26} = {708B3E31-DA6C-4788-A289-69299F3D932C}
		{C34E02ED-A859-4C3E-AE58-65CE9E7A74F3} = {708B3E31-DA6C-4788-A289-69299F3D932C}
		{9AC636D1-1C22-4F39-8605-5BEC53807F25} = {04BC1F3C-2D3D-4C8B-9273-4E535E6D23D4}
		{6BB13F84-762F-4B87-9639-60F776F02FE5} = {E72A2D9E-E13F-4107-84B3-AC9509A7CD4F}
		{F308F504-E1AD-42CA-ACA4-9BDEC3FF3106} = {E72A2D9E-E13F-4107-84B3-AC9509A7CD4F}
		{B110BF28-203D-4946-9FD2-726BC82AE5B8} = {E72A2D9E-E13F-4107-84B3-AC9509A7CD4F}
		{056BC6B7-8798-4B9E-8C03-789CBD1CE41E} = {865990BE-4B50-49AC-8BEE-254E799070BC}
		{01929CD7-F264-4587-BF40-DAD2B7FED09F} = {865990BE-4B50-49AC-8BEE-254E799070BC}
		{36737F9F-F975-454C-BA8F-3854514C324A} = {865990BE-4B50-49AC-8BEE-254E799070BC}
		{071A8705-5343-4685-A3CE-42B770505EE0} = {6F8C841C-0951-4088-9A87-AE1B669D5CE8}
		{6CF07C18-9C5F-4440-AB38-7B128BE8041D} = {6F8C841C-0951-4088-9A87-AE1B669D5CE8}
		{AB60261A-3E89-4B5C-B8A4-B255CD364090} = {6F8C841C-0951-4088-9A87-AE1B669D5CE8}
		{71CF9742-4D08-450F-B88D-EDF992D05381} = {69DBCCB8-FF7F-42B8-952C-8D4F09B0C4C4}
		{31167C8D-47E7-4C6B-848A-C6369BF89E76} = {69DBCCB8-FF7F-42B8-952C-8D4F09B0C4C4}
		{1091E92F-A6F3-4B4F-939D-F2377B5D243D} = {69DBCCB8-FF7F-42B8-952C-8D4F09B0C4C4}
		{7E1966E6-7497-40C0-8938-00196F4B75C7} = {41A2BC38-4EBB-4B17-A305-46BEEB81FE1C}
		{2BE8AF39-9677-44E1-AE6C-CE9A14DF5B5B} = {41A2BC38-4EBB-4B17-A305-46BEEB81FE1C}
		{0DB384BD-6270-4A1D-95D4-ED3972AE63B0} = {41A2BC38-4EBB-4B17-A305-46BEEB81FE1C}
		{D9EF311B-6C73-4EA3-9F87-63D660C24CEE} = {41A2BC38-4EBB-4B17-A305-46BEEB81FE1C}
		{6B92B8E9-FD08-449B-8EBB-F63E2ADE7043} = {41A2BC38-4EBB-4B17-A305-46BEEB81FE1C}
		{8ED7E8B2-BD1C-419F-9FEB-23F51788085E} = {41A2BC38-4EBB-4B17-A305-46BEEB81FE1C}
		{A76C4493-75AB-4F55-8DC4-4D806F7B86FD} = {865990BE-4B50-49AC-8BEE-254E799070BC}
		{FC999BF3-6232-4564-8035-9F8753AAF387} = {6F8C841C-0951-4088-9A87-AE1B669D5CE8}
		{0374F525-1D2C-49F5-818F-187A04D8A779} = {69DBCCB8-FF7F-42B8-952C-8D4F09B0C4C4}
	EndGlobalSection
	GlobalSection(ExtensibilityGlobals) = postSolution
		SolutionGuid = {037E8DD3-6CB9-4A55-BB67-CD24D471F05A}
	EndGlobalSection
EndGlobal
