
Microsoft Visual Studio Solution File, Format Version 12.00
# Visual Studio Version 17
VisualStudioVersion = 17.8.34525.116
MinimumVisualStudioVersion = 10.0.40219.1
Project("{9A19103F-16F7-4668-BE54-9A1E7A4F7556}") = "MagmaWorks.Taxonomy.IProfiles", "Profiles\IProfiles\MagmaWorks.Taxonomy.IProfiles.csproj", "{995BF6DC-3E3E-4165-8EF2-83360537FF1F}"
EndProject
Project("{9A19103F-16F7-4668-BE54-9A1E7A4F7556}") = "MagmaWorks.Taxonomy.Profiles", "Profiles\Profiles\MagmaWorks.Taxonomy.Profiles.csproj", "{53294695-E114-4DA9-9F1A-F8E2C289DB60}"
EndProject
Project("{9A19103F-16F7-4668-BE54-9A1E7A4F7556}") = "MagmaWorks.Taxonomy.Serialization.Profiles", "Profiles\Serialization\MagmaWorks.Taxonomy.Serialization.Profiles.csproj", "{1E0D2D34-40B9-48C4-9A43-D8C078B2BCE4}"
EndProject
Project("{9A19103F-16F7-4668-BE54-9A1E7A4F7556}") = "ProfileTests", "Profiles\ProfileTests\ProfileTests.csproj", "{86D261B4-B15C-4F44-B655-CE127B7CC3C0}"
EndProject
Project("{2150E333-8FDC-42A3-9474-1A3956D46DE8}") = "Profiles", "Profiles", "{E72A2D9E-E13F-4107-84B3-AC9509A7CD4F}"
EndProject
Project("{2150E333-8FDC-42A3-9474-1A3956D46DE8}") = "Stages", "Stages", "{708B3E31-DA6C-4788-A289-69299F3D932C}"
EndProject
Project("{9A19103F-16F7-4668-BE54-9A1E7A4F7556}") = "MagmaWorks.Taxonomy.IStages", "Stages\IStages\MagmaWorks.Taxonomy.IStages.csproj", "{F7F2DC01-6E8E-4F1A-976C-E71BF7E41593}"
EndProject
Project("{9A19103F-16F7-4668-BE54-9A1E7A4F7556}") = "MagmaWorks.Taxonomy.Stages", "Stages\Stages\MagmaWorks.Taxonomy.Stages.csproj", "{AA25F792-D859-4F3E-A6A0-2A3CF8FCEB05}"
EndProject
Project("{2150E333-8FDC-42A3-9474-1A3956D46DE8}") = "Countries", "Countries", "{04BC1F3C-2D3D-4C8B-9273-4E535E6D23D4}"
EndProject
Project("{9A19103F-16F7-4668-BE54-9A1E7A4F7556}") = "MagmaWorks.Taxonomy.Countries", "Countries\Countries\MagmaWorks.Taxonomy.Countries.csproj", "{6888AD2B-8B21-4521-899C-DE8770C7EFBB}"
EndProject
Project("{9A19103F-16F7-4668-BE54-9A1E7A4F7556}") = "CountryTests", "Countries\CountryTests\CountryTests.csproj", "{8A80AC3E-0929-4BF9-A7EF-E2FD0DA72A86}"
EndProject
Project("{9A19103F-16F7-4668-BE54-9A1E7A4F7556}") = "MagmaWorks.Taxonomy.Serialization.Countries", "Countries\Serialization\MagmaWorks.Taxonomy.Serialization.Countries.csproj", "{823DFE84-E1D9-47ED-BC30-B0279620B7E3}"
EndProject
Project("{9A19103F-16F7-4668-BE54-9A1E7A4F7556}") = "MagmaWorks.Taxonomy.Serialization.Stages", "Stages\Serialization\MagmaWorks.Taxonomy.Serialization.Stages.csproj", "{5B6CD5DB-5CCE-422C-B0C9-604E68088E26}"
EndProject
Project("{9A19103F-16F7-4668-BE54-9A1E7A4F7556}") = "StageTests", "Stages\StageTests\StageTests.csproj", "{C34E02ED-A859-4C3E-AE58-65CE9E7A74F3}"
EndProject
Project("{9A19103F-16F7-4668-BE54-9A1E7A4F7556}") = "CountryGenerator", "Countries\CountryGenerator\CountryGenerator.csproj", "{9AC636D1-1C22-4F39-8605-5BEC53807F25}"
EndProject
Project("{9A19103F-16F7-4668-BE54-9A1E7A4F7556}") = "MagmaWorks.Taxonomy.Profiles.Catalogue", "Profiles\CatalogueProfiles\MagmaWorks.Taxonomy.Profiles.Catalogue.csproj", "{6BB13F84-762F-4B87-9639-60F776F02FE5}"
EndProject
Project("{9A19103F-16F7-4668-BE54-9A1E7A4F7556}") = "CatalogueGenerator", "Profiles\CatalogueGenerator\CatalogueGenerator.csproj", "{F308F504-E1AD-42CA-ACA4-9BDEC3FF3106}"
EndProject
Project("{FAE04EC0-301F-11D3-BF4B-00C04F79EFBC}") = "MagmaWorks.Taxonomy.Profiles.Utilities", "Profiles\Utilities\MagmaWorks.Taxonomy.Profiles.Utilities.csproj", "{B110BF28-203D-4946-9FD2-726BC82AE5B8}"
EndProject
Global
	GlobalSection(SolutionConfigurationPlatforms) = preSolution
		Debug|Any CPU = Debug|Any CPU
		Release|Any CPU = Release|Any CPU
	EndGlobalSection
	GlobalSection(ProjectConfigurationPlatforms) = postSolution
		{995BF6DC-3E3E-4165-8EF2-83360537FF1F}.Debug|Any CPU.ActiveCfg = Debug|Any CPU
		{995BF6DC-3E3E-4165-8EF2-83360537FF1F}.Debug|Any CPU.Build.0 = Debug|Any CPU
		{995BF6DC-3E3E-4165-8EF2-83360537FF1F}.Release|Any CPU.ActiveCfg = Release|Any CPU
		{995BF6DC-3E3E-4165-8EF2-83360537FF1F}.Release|Any CPU.Build.0 = Release|Any CPU
		{53294695-E114-4DA9-9F1A-F8E2C289DB60}.Debug|Any CPU.ActiveCfg = Debug|Any CPU
		{53294695-E114-4DA9-9F1A-F8E2C289DB60}.Debug|Any CPU.Build.0 = Debug|Any CPU
		{53294695-E114-4DA9-9F1A-F8E2C289DB60}.Release|Any CPU.ActiveCfg = Release|Any CPU
		{53294695-E114-4DA9-9F1A-F8E2C289DB60}.Release|Any CPU.Build.0 = Release|Any CPU
		{1E0D2D34-40B9-48C4-9A43-D8C078B2BCE4}.Debug|Any CPU.ActiveCfg = Debug|Any CPU
		{1E0D2D34-40B9-48C4-9A43-D8C078B2BCE4}.Debug|Any CPU.Build.0 = Debug|Any CPU
		{1E0D2D34-40B9-48C4-9A43-D8C078B2BCE4}.Release|Any CPU.ActiveCfg = Release|Any CPU
		{1E0D2D34-40B9-48C4-9A43-D8C078B2BCE4}.Release|Any CPU.Build.0 = Release|Any CPU
		{86D261B4-B15C-4F44-B655-CE127B7CC3C0}.Debug|Any CPU.ActiveCfg = Debug|Any CPU
		{86D261B4-B15C-4F44-B655-CE127B7CC3C0}.Debug|Any CPU.Build.0 = Debug|Any CPU
		{86D261B4-B15C-4F44-B655-CE127B7CC3C0}.Release|Any CPU.ActiveCfg = Release|Any CPU
		{86D261B4-B15C-4F44-B655-CE127B7CC3C0}.Release|Any CPU.Build.0 = Release|Any CPU
		{F7F2DC01-6E8E-4F1A-976C-E71BF7E41593}.Debug|Any CPU.ActiveCfg = Debug|Any CPU
		{F7F2DC01-6E8E-4F1A-976C-E71BF7E41593}.Debug|Any CPU.Build.0 = Debug|Any CPU
		{F7F2DC01-6E8E-4F1A-976C-E71BF7E41593}.Release|Any CPU.ActiveCfg = Release|Any CPU
		{F7F2DC01-6E8E-4F1A-976C-E71BF7E41593}.Release|Any CPU.Build.0 = Release|Any CPU
		{AA25F792-D859-4F3E-A6A0-2A3CF8FCEB05}.Debug|Any CPU.ActiveCfg = Debug|Any CPU
		{AA25F792-D859-4F3E-A6A0-2A3CF8FCEB05}.Debug|Any CPU.Build.0 = Debug|Any CPU
		{AA25F792-D859-4F3E-A6A0-2A3CF8FCEB05}.Release|Any CPU.ActiveCfg = Release|Any CPU
		{AA25F792-D859-4F3E-A6A0-2A3CF8FCEB05}.Release|Any CPU.Build.0 = Release|Any CPU
		{6888AD2B-8B21-4521-899C-DE8770C7EFBB}.Debug|Any CPU.ActiveCfg = Debug|Any CPU
		{6888AD2B-8B21-4521-899C-DE8770C7EFBB}.Debug|Any CPU.Build.0 = Debug|Any CPU
		{6888AD2B-8B21-4521-899C-DE8770C7EFBB}.Release|Any CPU.ActiveCfg = Release|Any CPU
		{6888AD2B-8B21-4521-899C-DE8770C7EFBB}.Release|Any CPU.Build.0 = Release|Any CPU
		{8A80AC3E-0929-4BF9-A7EF-E2FD0DA72A86}.Debug|Any CPU.ActiveCfg = Debug|Any CPU
		{8A80AC3E-0929-4BF9-A7EF-E2FD0DA72A86}.Debug|Any CPU.Build.0 = Debug|Any CPU
		{8A80AC3E-0929-4BF9-A7EF-E2FD0DA72A86}.Release|Any CPU.ActiveCfg = Release|Any CPU
		{8A80AC3E-0929-4BF9-A7EF-E2FD0DA72A86}.Release|Any CPU.Build.0 = Release|Any CPU
		{823DFE84-E1D9-47ED-BC30-B0279620B7E3}.Debug|Any CPU.ActiveCfg = Debug|Any CPU
		{823DFE84-E1D9-47ED-BC30-B0279620B7E3}.Debug|Any CPU.Build.0 = Debug|Any CPU
		{823DFE84-E1D9-47ED-BC30-B0279620B7E3}.Release|Any CPU.ActiveCfg = Release|Any CPU
		{823DFE84-E1D9-47ED-BC30-B0279620B7E3}.Release|Any CPU.Build.0 = Release|Any CPU
		{5B6CD5DB-5CCE-422C-B0C9-604E68088E26}.Debug|Any CPU.ActiveCfg = Debug|Any CPU
		{5B6CD5DB-5CCE-422C-B0C9-604E68088E26}.Debug|Any CPU.Build.0 = Debug|Any CPU
		{5B6CD5DB-5CCE-422C-B0C9-604E68088E26}.Release|Any CPU.ActiveCfg = Release|Any CPU
		{5B6CD5DB-5CCE-422C-B0C9-604E68088E26}.Release|Any CPU.Build.0 = Release|Any CPU
		{C34E02ED-A859-4C3E-AE58-65CE9E7A74F3}.Debug|Any CPU.ActiveCfg = Debug|Any CPU
		{C34E02ED-A859-4C3E-AE58-65CE9E7A74F3}.Debug|Any CPU.Build.0 = Debug|Any CPU
		{C34E02ED-A859-4C3E-AE58-65CE9E7A74F3}.Release|Any CPU.ActiveCfg = Release|Any CPU
		{C34E02ED-A859-4C3E-AE58-65CE9E7A74F3}.Release|Any CPU.Build.0 = Release|Any CPU
		{9AC636D1-1C22-4F39-8605-5BEC53807F25}.Debug|Any CPU.ActiveCfg = Debug|Any CPU
		{9AC636D1-1C22-4F39-8605-5BEC53807F25}.Debug|Any CPU.Build.0 = Debug|Any CPU
		{9AC636D1-1C22-4F39-8605-5BEC53807F25}.Release|Any CPU.ActiveCfg = Release|Any CPU
		{9AC636D1-1C22-4F39-8605-5BEC53807F25}.Release|Any CPU.Build.0 = Release|Any CPU
		{6BB13F84-762F-4B87-9639-60F776F02FE5}.Debug|Any CPU.ActiveCfg = Debug|Any CPU
		{6BB13F84-762F-4B87-9639-60F776F02FE5}.Debug|Any CPU.Build.0 = Debug|Any CPU
		{6BB13F84-762F-4B87-9639-60F776F02FE5}.Release|Any CPU.ActiveCfg = Release|Any CPU
		{6BB13F84-762F-4B87-9639-60F776F02FE5}.Release|Any CPU.Build.0 = Release|Any CPU
		{F308F504-E1AD-42CA-ACA4-9BDEC3FF3106}.Debug|Any CPU.ActiveCfg = Debug|Any CPU
		{F308F504-E1AD-42CA-ACA4-9BDEC3FF3106}.Debug|Any CPU.Build.0 = Debug|Any CPU
		{F308F504-E1AD-42CA-ACA4-9BDEC3FF3106}.Release|Any CPU.ActiveCfg = Release|Any CPU
		{F308F504-E1AD-42CA-ACA4-9BDEC3FF3106}.Release|Any CPU.Build.0 = Release|Any CPU
		{B110BF28-203D-4946-9FD2-726BC82AE5B8}.Debug|Any CPU.ActiveCfg = Debug|Any CPU
		{B110BF28-203D-4946-9FD2-726BC82AE5B8}.Debug|Any CPU.Build.0 = Debug|Any CPU
		{B110BF28-203D-4946-9FD2-726BC82AE5B8}.Release|Any CPU.ActiveCfg = Release|Any CPU
		{B110BF28-203D-4946-9FD2-726BC82AE5B8}.Release|Any CPU.Build.0 = Release|Any CPU
	EndGlobalSection
	GlobalSection(SolutionProperties) = preSolution
		HideSolutionNode = FALSE
	EndGlobalSection
	GlobalSection(NestedProjects) = preSolution
		{995BF6DC-3E3E-4165-8EF2-83360537FF1F} = {E72A2D9E-E13F-4107-84B3-AC9509A7CD4F}
		{53294695-E114-4DA9-9F1A-F8E2C289DB60} = {E72A2D9E-E13F-4107-84B3-AC9509A7CD4F}
		{1E0D2D34-40B9-48C4-9A43-D8C078B2BCE4} = {E72A2D9E-E13F-4107-84B3-AC9509A7CD4F}
		{86D261B4-B15C-4F44-B655-CE127B7CC3C0} = {E72A2D9E-E13F-4107-84B3-AC9509A7CD4F}
		{F7F2DC01-6E8E-4F1A-976C-E71BF7E41593} = {708B3E31-DA6C-4788-A289-69299F3D932C}
		{AA25F792-D859-4F3E-A6A0-2A3CF8FCEB05} = {708B3E31-DA6C-4788-A289-69299F3D932C}
		{6888AD2B-8B21-4521-899C-DE8770C7EFBB} = {04BC1F3C-2D3D-4C8B-9273-4E535E6D23D4}
		{8A80AC3E-0929-4BF9-A7EF-E2FD0DA72A86} = {04BC1F3C-2D3D-4C8B-9273-4E535E6D23D4}
		{823DFE84-E1D9-47ED-BC30-B0279620B7E3} = {04BC1F3C-2D3D-4C8B-9273-4E535E6D23D4}
		{5B6CD5DB-5CCE-422C-B0C9-604E68088E26} = {708B3E31-DA6C-4788-A289-69299F3D932C}
		{C34E02ED-A859-4C3E-AE58-65CE9E7A74F3} = {708B3E31-DA6C-4788-A289-69299F3D932C}
		{9AC636D1-1C22-4F39-8605-5BEC53807F25} = {04BC1F3C-2D3D-4C8B-9273-4E535E6D23D4}
		{6BB13F84-762F-4B87-9639-60F776F02FE5} = {E72A2D9E-E13F-4107-84B3-AC9509A7CD4F}
		{F308F504-E1AD-42CA-ACA4-9BDEC3FF3106} = {E72A2D9E-E13F-4107-84B3-AC9509A7CD4F}
		{B110BF28-203D-4946-9FD2-726BC82AE5B8} = {E72A2D9E-E13F-4107-84B3-AC9509A7CD4F}
	EndGlobalSection
	GlobalSection(ExtensibilityGlobals) = postSolution
		SolutionGuid = {037E8DD3-6CB9-4A55-BB67-CD24D471F05A}
	EndGlobalSection
EndGlobal
